// !$*UTF8*$!
{
	archiveVersion = 1;
	classes = {
	};
	objectVersion = 50;
	objects = {

/* Begin PBXBuildFile section */
		A011AC0325D98EB10082E0D3 /* DeeplinkTests.swift in Sources */ = {isa = PBXBuildFile; fileRef = A011AC0225D98EB10082E0D3 /* DeeplinkTests.swift */; };
		A026AAE525D445D600A95DCC /* Assets.xcassets in Resources */ = {isa = PBXBuildFile; fileRef = A026AAE425D445D600A95DCC /* Assets.xcassets */; };
		A026AAE825D445D600A95DCC /* LaunchScreen.storyboard in Resources */ = {isa = PBXBuildFile; fileRef = A026AAE625D445D600A95DCC /* LaunchScreen.storyboard */; };
		A026AAF325D445D700A95DCC /* WeatherAppTests.swift in Sources */ = {isa = PBXBuildFile; fileRef = A026AAF225D445D700A95DCC /* WeatherAppTests.swift */; };
		A026AB1D25D4466C00A95DCC /* AppDelegate.swift in Sources */ = {isa = PBXBuildFile; fileRef = A026AB1B25D4466C00A95DCC /* AppDelegate.swift */; };
		A026AB1E25D4466C00A95DCC /* SceneDelegate.swift in Sources */ = {isa = PBXBuildFile; fileRef = A026AB1C25D4466C00A95DCC /* SceneDelegate.swift */; };
		A026AB2B25D4475B00A95DCC /* WeatherViewController.swift in Sources */ = {isa = PBXBuildFile; fileRef = A026AB2A25D4475B00A95DCC /* WeatherViewController.swift */; };
		A026ABD725D44A1400A95DCC /* WeatherInteractor.swift in Sources */ = {isa = PBXBuildFile; fileRef = A026ABD625D44A1400A95DCC /* WeatherInteractor.swift */; };
		A026ABDC25D44A6900A95DCC /* WeatherPresenter.swift in Sources */ = {isa = PBXBuildFile; fileRef = A026ABDB25D44A6900A95DCC /* WeatherPresenter.swift */; };
		A026ABE125D44ABC00A95DCC /* WeatherRepository.swift in Sources */ = {isa = PBXBuildFile; fileRef = A026ABE025D44ABC00A95DCC /* WeatherRepository.swift */; };
		A026ABEA25D44EE100A95DCC /* UIColor+Extension.swift in Sources */ = {isa = PBXBuildFile; fileRef = A026ABE925D44EE100A95DCC /* UIColor+Extension.swift */; };
		A026ABF225D4512100A95DCC /* WeatherBuilder.swift in Sources */ = {isa = PBXBuildFile; fileRef = A026ABF125D4512100A95DCC /* WeatherBuilder.swift */; };
		A026ABF825D4556700A95DCC /* TemperatureView.swift in Sources */ = {isa = PBXBuildFile; fileRef = A026ABF725D4556700A95DCC /* TemperatureView.swift */; };
		A026AC0025D455A300A95DCC /* TemperatureView.xib in Resources */ = {isa = PBXBuildFile; fileRef = A026ABFF25D455A300A95DCC /* TemperatureView.xib */; };
		A026AC0525D456EA00A95DCC /* TableViewCell.swift in Sources */ = {isa = PBXBuildFile; fileRef = A026AC0425D456EA00A95DCC /* TableViewCell.swift */; };
		A026AC0D25D45DD900A95DCC /* WeatherIndicatorView.swift in Sources */ = {isa = PBXBuildFile; fileRef = A026AC0C25D45DD900A95DCC /* WeatherIndicatorView.swift */; };
		A026AC1525D45DEB00A95DCC /* WeatherIndicatorView.xib in Resources */ = {isa = PBXBuildFile; fileRef = A026AC1425D45DEB00A95DCC /* WeatherIndicatorView.xib */; };
		A026AC2225D468AC00A95DCC /* WeatherApiService.swift in Sources */ = {isa = PBXBuildFile; fileRef = A026AC2125D468AC00A95DCC /* WeatherApiService.swift */; };
		A026AC2A25D46EA800A95DCC /* LocationProvider.swift in Sources */ = {isa = PBXBuildFile; fileRef = A026AC2925D46EA800A95DCC /* LocationProvider.swift */; };
		A026AC3225D493B900A95DCC /* WeatherRouter.swift in Sources */ = {isa = PBXBuildFile; fileRef = A026AC3125D493B900A95DCC /* WeatherRouter.swift */; };
		A0B1234725D9A0E9003A4ED1 /* RootInteractor.swift in Sources */ = {isa = PBXBuildFile; fileRef = A0B1234625D9A0E9003A4ED1 /* RootInteractor.swift */; };
		A0B1234B25D9A5FA003A4ED1 /* RootRouter.swift in Sources */ = {isa = PBXBuildFile; fileRef = A0B1234A25D9A5FA003A4ED1 /* RootRouter.swift */; };
		A0B1234F25D9A600003A4ED1 /* RootBuilder.swift in Sources */ = {isa = PBXBuildFile; fileRef = A0B1234E25D9A600003A4ED1 /* RootBuilder.swift */; };
		A0B1235325D9A609003A4ED1 /* RootAssembly.swift in Sources */ = {isa = PBXBuildFile; fileRef = A0B1235225D9A609003A4ED1 /* RootAssembly.swift */; };
		A0B1236025D9AB1D003A4ED1 /* TabBarAssembly.swift in Sources */ = {isa = PBXBuildFile; fileRef = A0B1235F25D9AB1D003A4ED1 /* TabBarAssembly.swift */; };
		A0B1236425D9AB25003A4ED1 /* TabBarBuilder.swift in Sources */ = {isa = PBXBuildFile; fileRef = A0B1236325D9AB25003A4ED1 /* TabBarBuilder.swift */; };
		A0B1236A25D9ADC1003A4ED1 /* UIViewController+Extension.swift in Sources */ = {isa = PBXBuildFile; fileRef = A0B1236925D9ADC1003A4ED1 /* UIViewController+Extension.swift */; };
		A0B1237125D9B037003A4ED1 /* SearchViewController.swift in Sources */ = {isa = PBXBuildFile; fileRef = A0B1237025D9B037003A4ED1 /* SearchViewController.swift */; };
		A0B1237825D9B1A2003A4ED1 /* SearchBuilder.swift in Sources */ = {isa = PBXBuildFile; fileRef = A0B1237725D9B1A2003A4ED1 /* SearchBuilder.swift */; };
		A0B1237E25D9B1EB003A4ED1 /* SearchAssembly.swift in Sources */ = {isa = PBXBuildFile; fileRef = A0B1237D25D9B1EB003A4ED1 /* SearchAssembly.swift */; };
		A0B1238425D9B348003A4ED1 /* SearchInteractor.swift in Sources */ = {isa = PBXBuildFile; fileRef = A0B1238325D9B348003A4ED1 /* SearchInteractor.swift */; };
		A0B1238925D9B3B9003A4ED1 /* Geocoder.swift in Sources */ = {isa = PBXBuildFile; fileRef = A0B1238825D9B3B9003A4ED1 /* Geocoder.swift */; };
		A0B1238F25D9B42E003A4ED1 /* GeocoderAssembly.swift in Sources */ = {isa = PBXBuildFile; fileRef = A0B1238E25D9B42E003A4ED1 /* GeocoderAssembly.swift */; };
		A0B1239325D9B47C003A4ED1 /* SearchRepositiry.swift in Sources */ = {isa = PBXBuildFile; fileRef = A0B1239225D9B47C003A4ED1 /* SearchRepositiry.swift */; };
		A0B1239B25D9BC9F003A4ED1 /* SearchPresenter.swift in Sources */ = {isa = PBXBuildFile; fileRef = A0B1239A25D9BC9F003A4ED1 /* SearchPresenter.swift */; };
		A0B1239F25D9C903003A4ED1 /* SearchRouter.swift in Sources */ = {isa = PBXBuildFile; fileRef = A0B1239E25D9C903003A4ED1 /* SearchRouter.swift */; };
		A0B123A925D9D9DC003A4ED1 /* TabBarController.swift in Sources */ = {isa = PBXBuildFile; fileRef = A0B123A825D9D9DC003A4ED1 /* TabBarController.swift */; };
		A0B123B625D9E31C003A4ED1 /* DeeplinkRouter.swift in Sources */ = {isa = PBXBuildFile; fileRef = A0B123B525D9E31C003A4ED1 /* DeeplinkRouter.swift */; };
		A0B7D4E125D7ED3E0004E3A8 /* DependencyContainer.swift in Sources */ = {isa = PBXBuildFile; fileRef = A0B7D4E025D7ED3E0004E3A8 /* DependencyContainer.swift */; };
		A0B7D4E525D7FC180004E3A8 /* DependencyContainerTests.swift in Sources */ = {isa = PBXBuildFile; fileRef = A0B7D4E425D7FC180004E3A8 /* DependencyContainerTests.swift */; };
		A0B7D4EF25D8075F0004E3A8 /* DependencyAssembler.swift in Sources */ = {isa = PBXBuildFile; fileRef = A0B7D4EE25D8075F0004E3A8 /* DependencyAssembler.swift */; };
		A0B7D4F325D809AA0004E3A8 /* WeatherAssembly.swift in Sources */ = {isa = PBXBuildFile; fileRef = A0B7D4F225D809AA0004E3A8 /* WeatherAssembly.swift */; };
		A0B7D4FD25D80ED20004E3A8 /* ServiceAssembly.swift in Sources */ = {isa = PBXBuildFile; fileRef = A0B7D4FC25D80ED20004E3A8 /* ServiceAssembly.swift */; };
		A0B7D50325D80F4C0004E3A8 /* LocationProviderAssembly.swift in Sources */ = {isa = PBXBuildFile; fileRef = A0B7D50225D80F4C0004E3A8 /* LocationProviderAssembly.swift */; };
		A0B7D50925D80F980004E3A8 /* WeatherApiServiceAssembly.swift in Sources */ = {isa = PBXBuildFile; fileRef = A0B7D50825D80F980004E3A8 /* WeatherApiServiceAssembly.swift */; };
		A0B7D50D25D813710004E3A8 /* DependencyAssemblerTests.swift in Sources */ = {isa = PBXBuildFile; fileRef = A0B7D50C25D813710004E3A8 /* DependencyAssemblerTests.swift */; };
		A0C321E225E817B000CC5CF0 /* DeeplinkStep.swift in Sources */ = {isa = PBXBuildFile; fileRef = A0C321E025E817B000CC5CF0 /* DeeplinkStep.swift */; };
		A0C321E325E817B000CC5CF0 /* DeeplinkFlow.swift in Sources */ = {isa = PBXBuildFile; fileRef = A0C321E125E817B000CC5CF0 /* DeeplinkFlow.swift */; };
		A0C321E925E817D300CC5CF0 /* ModuleAssembly.swift in Sources */ = {isa = PBXBuildFile; fileRef = A0C321E825E817D300CC5CF0 /* ModuleAssembly.swift */; };
/* End PBXBuildFile section */

/* Begin PBXContainerItemProxy section */
		A026AAEF25D445D700A95DCC /* PBXContainerItemProxy */ = {
			isa = PBXContainerItemProxy;
			containerPortal = A026AAD025D445D500A95DCC /* Project object */;
			proxyType = 1;
			remoteGlobalIDString = A026AAD725D445D500A95DCC;
			remoteInfo = WeatherApp;
		};
/* End PBXContainerItemProxy section */

/* Begin PBXFileReference section */
		A011AC0225D98EB10082E0D3 /* DeeplinkTests.swift */ = {isa = PBXFileReference; lastKnownFileType = sourcecode.swift; path = DeeplinkTests.swift; sourceTree = "<group>"; };
		A026AAD825D445D500A95DCC /* WeatherApp.app */ = {isa = PBXFileReference; explicitFileType = wrapper.application; includeInIndex = 0; path = WeatherApp.app; sourceTree = BUILT_PRODUCTS_DIR; };
		A026AAE425D445D600A95DCC /* Assets.xcassets */ = {isa = PBXFileReference; lastKnownFileType = folder.assetcatalog; path = Assets.xcassets; sourceTree = "<group>"; };
		A026AAE725D445D600A95DCC /* Base */ = {isa = PBXFileReference; lastKnownFileType = file.storyboard; name = Base; path = Base.lproj/LaunchScreen.storyboard; sourceTree = "<group>"; };
		A026AAE925D445D600A95DCC /* Info.plist */ = {isa = PBXFileReference; lastKnownFileType = text.plist.xml; path = Info.plist; sourceTree = "<group>"; };
		A026AAEE25D445D700A95DCC /* WeatherAppTests.xctest */ = {isa = PBXFileReference; explicitFileType = wrapper.cfbundle; includeInIndex = 0; path = WeatherAppTests.xctest; sourceTree = BUILT_PRODUCTS_DIR; };
		A026AAF225D445D700A95DCC /* WeatherAppTests.swift */ = {isa = PBXFileReference; lastKnownFileType = sourcecode.swift; path = WeatherAppTests.swift; sourceTree = "<group>"; };
		A026AAF425D445D700A95DCC /* Info.plist */ = {isa = PBXFileReference; lastKnownFileType = text.plist.xml; path = Info.plist; sourceTree = "<group>"; };
		A026AB1B25D4466C00A95DCC /* AppDelegate.swift */ = {isa = PBXFileReference; fileEncoding = 4; lastKnownFileType = sourcecode.swift; path = AppDelegate.swift; sourceTree = "<group>"; };
		A026AB1C25D4466C00A95DCC /* SceneDelegate.swift */ = {isa = PBXFileReference; fileEncoding = 4; lastKnownFileType = sourcecode.swift; path = SceneDelegate.swift; sourceTree = "<group>"; };
		A026AB2A25D4475B00A95DCC /* WeatherViewController.swift */ = {isa = PBXFileReference; lastKnownFileType = sourcecode.swift; path = WeatherViewController.swift; sourceTree = "<group>"; };
		A026ABD625D44A1400A95DCC /* WeatherInteractor.swift */ = {isa = PBXFileReference; lastKnownFileType = sourcecode.swift; path = WeatherInteractor.swift; sourceTree = "<group>"; };
		A026ABDB25D44A6900A95DCC /* WeatherPresenter.swift */ = {isa = PBXFileReference; lastKnownFileType = sourcecode.swift; path = WeatherPresenter.swift; sourceTree = "<group>"; };
		A026ABE025D44ABC00A95DCC /* WeatherRepository.swift */ = {isa = PBXFileReference; lastKnownFileType = sourcecode.swift; path = WeatherRepository.swift; sourceTree = "<group>"; };
		A026ABE925D44EE100A95DCC /* UIColor+Extension.swift */ = {isa = PBXFileReference; lastKnownFileType = sourcecode.swift; path = "UIColor+Extension.swift"; sourceTree = "<group>"; };
		A026ABF125D4512100A95DCC /* WeatherBuilder.swift */ = {isa = PBXFileReference; lastKnownFileType = sourcecode.swift; path = WeatherBuilder.swift; sourceTree = "<group>"; };
		A026ABF725D4556700A95DCC /* TemperatureView.swift */ = {isa = PBXFileReference; lastKnownFileType = sourcecode.swift; path = TemperatureView.swift; sourceTree = "<group>"; };
		A026ABFF25D455A300A95DCC /* TemperatureView.xib */ = {isa = PBXFileReference; lastKnownFileType = file.xib; path = TemperatureView.xib; sourceTree = "<group>"; };
		A026AC0425D456EA00A95DCC /* TableViewCell.swift */ = {isa = PBXFileReference; lastKnownFileType = sourcecode.swift; path = TableViewCell.swift; sourceTree = "<group>"; };
		A026AC0C25D45DD900A95DCC /* WeatherIndicatorView.swift */ = {isa = PBXFileReference; lastKnownFileType = sourcecode.swift; path = WeatherIndicatorView.swift; sourceTree = "<group>"; };
		A026AC1425D45DEB00A95DCC /* WeatherIndicatorView.xib */ = {isa = PBXFileReference; lastKnownFileType = file.xib; path = WeatherIndicatorView.xib; sourceTree = "<group>"; };
		A026AC2125D468AC00A95DCC /* WeatherApiService.swift */ = {isa = PBXFileReference; lastKnownFileType = sourcecode.swift; path = WeatherApiService.swift; sourceTree = "<group>"; };
		A026AC2925D46EA800A95DCC /* LocationProvider.swift */ = {isa = PBXFileReference; lastKnownFileType = sourcecode.swift; path = LocationProvider.swift; sourceTree = "<group>"; };
		A026AC3125D493B900A95DCC /* WeatherRouter.swift */ = {isa = PBXFileReference; lastKnownFileType = sourcecode.swift; path = WeatherRouter.swift; sourceTree = "<group>"; };
		A0B1234625D9A0E9003A4ED1 /* RootInteractor.swift */ = {isa = PBXFileReference; lastKnownFileType = sourcecode.swift; path = RootInteractor.swift; sourceTree = "<group>"; };
		A0B1234A25D9A5FA003A4ED1 /* RootRouter.swift */ = {isa = PBXFileReference; lastKnownFileType = sourcecode.swift; path = RootRouter.swift; sourceTree = "<group>"; };
		A0B1234E25D9A600003A4ED1 /* RootBuilder.swift */ = {isa = PBXFileReference; lastKnownFileType = sourcecode.swift; path = RootBuilder.swift; sourceTree = "<group>"; };
		A0B1235225D9A609003A4ED1 /* RootAssembly.swift */ = {isa = PBXFileReference; lastKnownFileType = sourcecode.swift; path = RootAssembly.swift; sourceTree = "<group>"; };
		A0B1235F25D9AB1D003A4ED1 /* TabBarAssembly.swift */ = {isa = PBXFileReference; lastKnownFileType = sourcecode.swift; path = TabBarAssembly.swift; sourceTree = "<group>"; };
		A0B1236325D9AB25003A4ED1 /* TabBarBuilder.swift */ = {isa = PBXFileReference; lastKnownFileType = sourcecode.swift; path = TabBarBuilder.swift; sourceTree = "<group>"; };
		A0B1236925D9ADC1003A4ED1 /* UIViewController+Extension.swift */ = {isa = PBXFileReference; lastKnownFileType = sourcecode.swift; path = "UIViewController+Extension.swift"; sourceTree = "<group>"; };
		A0B1237025D9B037003A4ED1 /* SearchViewController.swift */ = {isa = PBXFileReference; lastKnownFileType = sourcecode.swift; path = SearchViewController.swift; sourceTree = "<group>"; };
		A0B1237725D9B1A2003A4ED1 /* SearchBuilder.swift */ = {isa = PBXFileReference; lastKnownFileType = sourcecode.swift; path = SearchBuilder.swift; sourceTree = "<group>"; };
		A0B1237D25D9B1EB003A4ED1 /* SearchAssembly.swift */ = {isa = PBXFileReference; lastKnownFileType = sourcecode.swift; path = SearchAssembly.swift; sourceTree = "<group>"; };
		A0B1238325D9B348003A4ED1 /* SearchInteractor.swift */ = {isa = PBXFileReference; lastKnownFileType = sourcecode.swift; path = SearchInteractor.swift; sourceTree = "<group>"; };
		A0B1238825D9B3B9003A4ED1 /* Geocoder.swift */ = {isa = PBXFileReference; lastKnownFileType = sourcecode.swift; path = Geocoder.swift; sourceTree = "<group>"; };
		A0B1238E25D9B42E003A4ED1 /* GeocoderAssembly.swift */ = {isa = PBXFileReference; lastKnownFileType = sourcecode.swift; path = GeocoderAssembly.swift; sourceTree = "<group>"; };
		A0B1239225D9B47C003A4ED1 /* SearchRepositiry.swift */ = {isa = PBXFileReference; lastKnownFileType = sourcecode.swift; path = SearchRepositiry.swift; sourceTree = "<group>"; };
		A0B1239A25D9BC9F003A4ED1 /* SearchPresenter.swift */ = {isa = PBXFileReference; lastKnownFileType = sourcecode.swift; path = SearchPresenter.swift; sourceTree = "<group>"; };
		A0B1239E25D9C903003A4ED1 /* SearchRouter.swift */ = {isa = PBXFileReference; lastKnownFileType = sourcecode.swift; path = SearchRouter.swift; sourceTree = "<group>"; };
		A0B123A825D9D9DC003A4ED1 /* TabBarController.swift */ = {isa = PBXFileReference; lastKnownFileType = sourcecode.swift; path = TabBarController.swift; sourceTree = "<group>"; };
		A0B123B525D9E31C003A4ED1 /* DeeplinkRouter.swift */ = {isa = PBXFileReference; lastKnownFileType = sourcecode.swift; path = DeeplinkRouter.swift; sourceTree = "<group>"; };
		A0B7D4E025D7ED3E0004E3A8 /* DependencyContainer.swift */ = {isa = PBXFileReference; lastKnownFileType = sourcecode.swift; path = DependencyContainer.swift; sourceTree = "<group>"; };
		A0B7D4E425D7FC180004E3A8 /* DependencyContainerTests.swift */ = {isa = PBXFileReference; lastKnownFileType = sourcecode.swift; path = DependencyContainerTests.swift; sourceTree = "<group>"; };
		A0B7D4EE25D8075F0004E3A8 /* DependencyAssembler.swift */ = {isa = PBXFileReference; lastKnownFileType = sourcecode.swift; path = DependencyAssembler.swift; sourceTree = "<group>"; };
		A0B7D4F225D809AA0004E3A8 /* WeatherAssembly.swift */ = {isa = PBXFileReference; lastKnownFileType = sourcecode.swift; path = WeatherAssembly.swift; sourceTree = "<group>"; };
		A0B7D4FC25D80ED20004E3A8 /* ServiceAssembly.swift */ = {isa = PBXFileReference; lastKnownFileType = sourcecode.swift; path = ServiceAssembly.swift; sourceTree = "<group>"; };
		A0B7D50225D80F4C0004E3A8 /* LocationProviderAssembly.swift */ = {isa = PBXFileReference; lastKnownFileType = sourcecode.swift; path = LocationProviderAssembly.swift; sourceTree = "<group>"; };
		A0B7D50825D80F980004E3A8 /* WeatherApiServiceAssembly.swift */ = {isa = PBXFileReference; lastKnownFileType = sourcecode.swift; path = WeatherApiServiceAssembly.swift; sourceTree = "<group>"; };
		A0B7D50C25D813710004E3A8 /* DependencyAssemblerTests.swift */ = {isa = PBXFileReference; lastKnownFileType = sourcecode.swift; path = DependencyAssemblerTests.swift; sourceTree = "<group>"; };
		A0C321E025E817B000CC5CF0 /* DeeplinkStep.swift */ = {isa = PBXFileReference; fileEncoding = 4; lastKnownFileType = sourcecode.swift; path = DeeplinkStep.swift; sourceTree = "<group>"; };
		A0C321E125E817B000CC5CF0 /* DeeplinkFlow.swift */ = {isa = PBXFileReference; fileEncoding = 4; lastKnownFileType = sourcecode.swift; path = DeeplinkFlow.swift; sourceTree = "<group>"; };
		A0C321E825E817D300CC5CF0 /* ModuleAssembly.swift */ = {isa = PBXFileReference; fileEncoding = 4; lastKnownFileType = sourcecode.swift; path = ModuleAssembly.swift; sourceTree = "<group>"; };
/* End PBXFileReference section */

/* Begin PBXFrameworksBuildPhase section */
		A026AAD525D445D500A95DCC /* Frameworks */ = {
			isa = PBXFrameworksBuildPhase;
			buildActionMask = 2147483647;
			files = (
			);
			runOnlyForDeploymentPostprocessing = 0;
		};
		A026AAEB25D445D700A95DCC /* Frameworks */ = {
			isa = PBXFrameworksBuildPhase;
			buildActionMask = 2147483647;
			files = (
			);
			runOnlyForDeploymentPostprocessing = 0;
		};
/* End PBXFrameworksBuildPhase section */

/* Begin PBXGroup section */
		A026AACF25D445D500A95DCC = {
			isa = PBXGroup;
			children = (
				A026AADA25D445D500A95DCC /* WeatherApp */,
				A026AAF125D445D700A95DCC /* WeatherAppTests */,
				A026AAD925D445D500A95DCC /* Products */,
			);
			sourceTree = "<group>";
		};
		A026AAD925D445D500A95DCC /* Products */ = {
			isa = PBXGroup;
			children = (
				A026AAD825D445D500A95DCC /* WeatherApp.app */,
				A026AAEE25D445D700A95DCC /* WeatherAppTests.xctest */,
			);
			name = Products;
			sourceTree = "<group>";
		};
		A026AADA25D445D500A95DCC /* WeatherApp */ = {
			isa = PBXGroup;
			children = (
				A026AB1A25D4466C00A95DCC /* Sources */,
				A026AAE425D445D600A95DCC /* Assets.xcassets */,
				A026AAE625D445D600A95DCC /* LaunchScreen.storyboard */,
				A026AAE925D445D600A95DCC /* Info.plist */,
			);
			path = WeatherApp;
			sourceTree = "<group>";
		};
		A026AAF125D445D700A95DCC /* WeatherAppTests */ = {
			isa = PBXGroup;
			children = (
				A026AAF225D445D700A95DCC /* WeatherAppTests.swift */,
				A0B7D4E425D7FC180004E3A8 /* DependencyContainerTests.swift */,
				A0B7D50C25D813710004E3A8 /* DependencyAssemblerTests.swift */,
				A026AAF425D445D700A95DCC /* Info.plist */,
				A011AC0225D98EB10082E0D3 /* DeeplinkTests.swift */,
			);
			path = WeatherAppTests;
			sourceTree = "<group>";
		};
		A026AB1A25D4466C00A95DCC /* Sources */ = {
			isa = PBXGroup;
			children = (
				A0C321DF25E817B000CC5CF0 /* Deeplink */,
				A0B7D4DF25D7ED260004E3A8 /* DependencyProvider */,
				A0B123B025D9E019003A4ED1 /* DeeplinkRouter */,
				A026AB2525D446DC00A95DCC /* Modules */,
				A026AC1F25D4688700A95DCC /* Services */,
				A026ABE825D44ED600A95DCC /* Utils */,
				A026AB1B25D4466C00A95DCC /* AppDelegate.swift */,
				A026AB1C25D4466C00A95DCC /* SceneDelegate.swift */,
			);
			path = Sources;
			sourceTree = "<group>";
		};
		A026AB2525D446DC00A95DCC /* Modules */ = {
			isa = PBXGroup;
			children = (
				A0C321E825E817D300CC5CF0 /* ModuleAssembly.swift */,
				A0B1234525D9A0DB003A4ED1 /* Root */,
				A0B1235625D9A670003A4ED1 /* TabBar */,
				A0B1236F25D9B02C003A4ED1 /* Search */,
				A026AB2625D446EE00A95DCC /* Weather */,
			);
			path = Modules;
			sourceTree = "<group>";
		};
		A026AB2625D446EE00A95DCC /* Weather */ = {
			isa = PBXGroup;
			children = (
				A026ABF625D4555D00A95DCC /* Views */,
				A026AB2A25D4475B00A95DCC /* WeatherViewController.swift */,
				A026ABD625D44A1400A95DCC /* WeatherInteractor.swift */,
				A026ABDB25D44A6900A95DCC /* WeatherPresenter.swift */,
				A026ABE025D44ABC00A95DCC /* WeatherRepository.swift */,
				A026ABF125D4512100A95DCC /* WeatherBuilder.swift */,
				A026AC3125D493B900A95DCC /* WeatherRouter.swift */,
				A0B7D4F225D809AA0004E3A8 /* WeatherAssembly.swift */,
			);
			path = Weather;
			sourceTree = "<group>";
		};
		A026ABE825D44ED600A95DCC /* Utils */ = {
			isa = PBXGroup;
			children = (
				A026ABE925D44EE100A95DCC /* UIColor+Extension.swift */,
				A026AC0425D456EA00A95DCC /* TableViewCell.swift */,
				A0B1236925D9ADC1003A4ED1 /* UIViewController+Extension.swift */,
			);
			path = Utils;
			sourceTree = "<group>";
		};
		A026ABF625D4555D00A95DCC /* Views */ = {
			isa = PBXGroup;
			children = (
				A026ABF725D4556700A95DCC /* TemperatureView.swift */,
				A026ABFF25D455A300A95DCC /* TemperatureView.xib */,
				A026AC0C25D45DD900A95DCC /* WeatherIndicatorView.swift */,
				A026AC1425D45DEB00A95DCC /* WeatherIndicatorView.xib */,
			);
			path = Views;
			sourceTree = "<group>";
		};
		A026AC1F25D4688700A95DCC /* Services */ = {
			isa = PBXGroup;
			children = (
				A0B1238725D9B3A9003A4ED1 /* Geocoder */,
				A0B7D50125D80F370004E3A8 /* LocationProvider */,
				A0B7D50025D80F2A0004E3A8 /* WeatherApi */,
				A0B7D4FC25D80ED20004E3A8 /* ServiceAssembly.swift */,
			);
			path = Services;
			sourceTree = "<group>";
		};
		A0B1234525D9A0DB003A4ED1 /* Root */ = {
			isa = PBXGroup;
			children = (
				A0B1234625D9A0E9003A4ED1 /* RootInteractor.swift */,
				A0B1234A25D9A5FA003A4ED1 /* RootRouter.swift */,
				A0B1234E25D9A600003A4ED1 /* RootBuilder.swift */,
				A0B1235225D9A609003A4ED1 /* RootAssembly.swift */,
			);
			path = Root;
			sourceTree = "<group>";
		};
		A0B1235625D9A670003A4ED1 /* TabBar */ = {
			isa = PBXGroup;
			children = (
				A0B1236325D9AB25003A4ED1 /* TabBarBuilder.swift */,
				A0B1235F25D9AB1D003A4ED1 /* TabBarAssembly.swift */,
				A0B123A825D9D9DC003A4ED1 /* TabBarController.swift */,
			);
			path = TabBar;
			sourceTree = "<group>";
		};
		A0B1236F25D9B02C003A4ED1 /* Search */ = {
			isa = PBXGroup;
			children = (
				A0B1237025D9B037003A4ED1 /* SearchViewController.swift */,
				A0B1237725D9B1A2003A4ED1 /* SearchBuilder.swift */,
				A0B1237D25D9B1EB003A4ED1 /* SearchAssembly.swift */,
				A0B1238325D9B348003A4ED1 /* SearchInteractor.swift */,
				A0B1239A25D9BC9F003A4ED1 /* SearchPresenter.swift */,
				A0B1239225D9B47C003A4ED1 /* SearchRepositiry.swift */,
				A0B1239E25D9C903003A4ED1 /* SearchRouter.swift */,
			);
			path = Search;
			sourceTree = "<group>";
		};
		A0B1238725D9B3A9003A4ED1 /* Geocoder */ = {
			isa = PBXGroup;
			children = (
				A0B1238825D9B3B9003A4ED1 /* Geocoder.swift */,
				A0B1238E25D9B42E003A4ED1 /* GeocoderAssembly.swift */,
			);
			path = Geocoder;
			sourceTree = "<group>";
		};
		A0B123B025D9E019003A4ED1 /* DeeplinkRouter */ = {
			isa = PBXGroup;
			children = (
				A0B123B525D9E31C003A4ED1 /* DeeplinkRouter.swift */,
			);
			path = DeeplinkRouter;
			sourceTree = "<group>";
		};
		A0B7D4DF25D7ED260004E3A8 /* DependencyProvider */ = {
			isa = PBXGroup;
			children = (
				A0B7D4E025D7ED3E0004E3A8 /* DependencyContainer.swift */,
				A0B7D4EE25D8075F0004E3A8 /* DependencyAssembler.swift */,
			);
			path = DependencyProvider;
			sourceTree = "<group>";
		};
		A0B7D50025D80F2A0004E3A8 /* WeatherApi */ = {
			isa = PBXGroup;
			children = (
				A026AC2125D468AC00A95DCC /* WeatherApiService.swift */,
				A0B7D50825D80F980004E3A8 /* WeatherApiServiceAssembly.swift */,
			);
			path = WeatherApi;
			sourceTree = "<group>";
		};
		A0B7D50125D80F370004E3A8 /* LocationProvider */ = {
			isa = PBXGroup;
			children = (
				A026AC2925D46EA800A95DCC /* LocationProvider.swift */,
				A0B7D50225D80F4C0004E3A8 /* LocationProviderAssembly.swift */,
			);
			path = LocationProvider;
			sourceTree = "<group>";
		};
		A0C321DF25E817B000CC5CF0 /* Deeplink */ = {
			isa = PBXGroup;
			children = (
				A0C321E025E817B000CC5CF0 /* DeeplinkStep.swift */,
				A0C321E125E817B000CC5CF0 /* DeeplinkFlow.swift */,
			);
			path = Deeplink;
			sourceTree = "<group>";
		};
/* End PBXGroup section */

/* Begin PBXNativeTarget section */
		A026AAD725D445D500A95DCC /* WeatherApp */ = {
			isa = PBXNativeTarget;
			buildConfigurationList = A026AB0225D445D700A95DCC /* Build configuration list for PBXNativeTarget "WeatherApp" */;
			buildPhases = (
				A026AAD425D445D500A95DCC /* Sources */,
				A026AAD525D445D500A95DCC /* Frameworks */,
				A026AAD625D445D500A95DCC /* Resources */,
			);
			buildRules = (
			);
			dependencies = (
			);
			name = WeatherApp;
			productName = WeatherApp;
			productReference = A026AAD825D445D500A95DCC /* WeatherApp.app */;
			productType = "com.apple.product-type.application";
		};
		A026AAED25D445D700A95DCC /* WeatherAppTests */ = {
			isa = PBXNativeTarget;
			buildConfigurationList = A026AB0525D445D700A95DCC /* Build configuration list for PBXNativeTarget "WeatherAppTests" */;
			buildPhases = (
				A026AAEA25D445D700A95DCC /* Sources */,
				A026AAEB25D445D700A95DCC /* Frameworks */,
				A026AAEC25D445D700A95DCC /* Resources */,
			);
			buildRules = (
			);
			dependencies = (
				A026AAF025D445D700A95DCC /* PBXTargetDependency */,
			);
			name = WeatherAppTests;
			productName = WeatherAppTests;
			productReference = A026AAEE25D445D700A95DCC /* WeatherAppTests.xctest */;
			productType = "com.apple.product-type.bundle.unit-test";
		};
/* End PBXNativeTarget section */

/* Begin PBXProject section */
		A026AAD025D445D500A95DCC /* Project object */ = {
			isa = PBXProject;
			attributes = {
				LastSwiftUpdateCheck = 1230;
				LastUpgradeCheck = 1230;
				TargetAttributes = {
					A026AAD725D445D500A95DCC = {
						CreatedOnToolsVersion = 12.3;
					};
					A026AAED25D445D700A95DCC = {
						CreatedOnToolsVersion = 12.3;
						TestTargetID = A026AAD725D445D500A95DCC;
					};
				};
			};
			buildConfigurationList = A026AAD325D445D500A95DCC /* Build configuration list for PBXProject "WeatherApp" */;
			compatibilityVersion = "Xcode 9.3";
			developmentRegion = en;
			hasScannedForEncodings = 0;
			knownRegions = (
				en,
				Base,
			);
			mainGroup = A026AACF25D445D500A95DCC;
			productRefGroup = A026AAD925D445D500A95DCC /* Products */;
			projectDirPath = "";
			projectRoot = "";
			targets = (
				A026AAD725D445D500A95DCC /* WeatherApp */,
				A026AAED25D445D700A95DCC /* WeatherAppTests */,
			);
		};
/* End PBXProject section */

/* Begin PBXResourcesBuildPhase section */
		A026AAD625D445D500A95DCC /* Resources */ = {
			isa = PBXResourcesBuildPhase;
			buildActionMask = 2147483647;
			files = (
				A026AC0025D455A300A95DCC /* TemperatureView.xib in Resources */,
				A026AAE825D445D600A95DCC /* LaunchScreen.storyboard in Resources */,
				A026AAE525D445D600A95DCC /* Assets.xcassets in Resources */,
				A026AC1525D45DEB00A95DCC /* WeatherIndicatorView.xib in Resources */,
			);
			runOnlyForDeploymentPostprocessing = 0;
		};
		A026AAEC25D445D700A95DCC /* Resources */ = {
			isa = PBXResourcesBuildPhase;
			buildActionMask = 2147483647;
			files = (
			);
			runOnlyForDeploymentPostprocessing = 0;
		};
/* End PBXResourcesBuildPhase section */

/* Begin PBXSourcesBuildPhase section */
		A026AAD425D445D500A95DCC /* Sources */ = {
			isa = PBXSourcesBuildPhase;
			buildActionMask = 2147483647;
			files = (
				A0B1238425D9B348003A4ED1 /* SearchInteractor.swift in Sources */,
				A0B7D4E125D7ED3E0004E3A8 /* DependencyContainer.swift in Sources */,
				A0B1234B25D9A5FA003A4ED1 /* RootRouter.swift in Sources */,
				A0B7D4EF25D8075F0004E3A8 /* DependencyAssembler.swift in Sources */,
				A0B1238F25D9B42E003A4ED1 /* GeocoderAssembly.swift in Sources */,
				A026ABEA25D44EE100A95DCC /* UIColor+Extension.swift in Sources */,
				A026AC0D25D45DD900A95DCC /* WeatherIndicatorView.swift in Sources */,
				A026AC2225D468AC00A95DCC /* WeatherApiService.swift in Sources */,
				A026ABE125D44ABC00A95DCC /* WeatherRepository.swift in Sources */,
				A0C321E325E817B000CC5CF0 /* DeeplinkFlow.swift in Sources */,
				A0B1237125D9B037003A4ED1 /* SearchViewController.swift in Sources */,
				A0B1238925D9B3B9003A4ED1 /* Geocoder.swift in Sources */,
				A0C321E925E817D300CC5CF0 /* ModuleAssembly.swift in Sources */,
				A0B1234725D9A0E9003A4ED1 /* RootInteractor.swift in Sources */,
				A0B1239F25D9C903003A4ED1 /* SearchRouter.swift in Sources */,
				A026ABDC25D44A6900A95DCC /* WeatherPresenter.swift in Sources */,
				A0B1234F25D9A600003A4ED1 /* RootBuilder.swift in Sources */,
				A0B123A925D9D9DC003A4ED1 /* TabBarController.swift in Sources */,
				A0B1237825D9B1A2003A4ED1 /* SearchBuilder.swift in Sources */,
				A0B1236A25D9ADC1003A4ED1 /* UIViewController+Extension.swift in Sources */,
				A0B123B625D9E31C003A4ED1 /* DeeplinkRouter.swift in Sources */,
				A026AB1D25D4466C00A95DCC /* AppDelegate.swift in Sources */,
				A026ABD725D44A1400A95DCC /* WeatherInteractor.swift in Sources */,
				A0B7D4FD25D80ED20004E3A8 /* ServiceAssembly.swift in Sources */,
				A0C321E225E817B000CC5CF0 /* DeeplinkStep.swift in Sources */,
				A026AB2B25D4475B00A95DCC /* WeatherViewController.swift in Sources */,
				A0B7D4F325D809AA0004E3A8 /* WeatherAssembly.swift in Sources */,
				A0B1239B25D9BC9F003A4ED1 /* SearchPresenter.swift in Sources */,
				A0B1239325D9B47C003A4ED1 /* SearchRepositiry.swift in Sources */,
				A0B7D50325D80F4C0004E3A8 /* LocationProviderAssembly.swift in Sources */,
				A026ABF225D4512100A95DCC /* WeatherBuilder.swift in Sources */,
				A026AC0525D456EA00A95DCC /* TableViewCell.swift in Sources */,
				A026AB1E25D4466C00A95DCC /* SceneDelegate.swift in Sources */,
				A0B1237E25D9B1EB003A4ED1 /* SearchAssembly.swift in Sources */,
				A0B1235325D9A609003A4ED1 /* RootAssembly.swift in Sources */,
				A026AC3225D493B900A95DCC /* WeatherRouter.swift in Sources */,
				A0B1236025D9AB1D003A4ED1 /* TabBarAssembly.swift in Sources */,
				A0B7D50925D80F980004E3A8 /* WeatherApiServiceAssembly.swift in Sources */,
				A026AC2A25D46EA800A95DCC /* LocationProvider.swift in Sources */,
				A026ABF825D4556700A95DCC /* TemperatureView.swift in Sources */,
				A0B1236425D9AB25003A4ED1 /* TabBarBuilder.swift in Sources */,
			);
			runOnlyForDeploymentPostprocessing = 0;
		};
		A026AAEA25D445D700A95DCC /* Sources */ = {
			isa = PBXSourcesBuildPhase;
			buildActionMask = 2147483647;
			files = (
				A0B7D50D25D813710004E3A8 /* DependencyAssemblerTests.swift in Sources */,
				A026AAF325D445D700A95DCC /* WeatherAppTests.swift in Sources */,
				A0B7D4E525D7FC180004E3A8 /* DependencyContainerTests.swift in Sources */,
				A011AC0325D98EB10082E0D3 /* DeeplinkTests.swift in Sources */,
			);
			runOnlyForDeploymentPostprocessing = 0;
		};
/* End PBXSourcesBuildPhase section */

/* Begin PBXTargetDependency section */
		A026AAF025D445D700A95DCC /* PBXTargetDependency */ = {
			isa = PBXTargetDependency;
			target = A026AAD725D445D500A95DCC /* WeatherApp */;
			targetProxy = A026AAEF25D445D700A95DCC /* PBXContainerItemProxy */;
		};
/* End PBXTargetDependency section */

/* Begin PBXVariantGroup section */
		A026AAE625D445D600A95DCC /* LaunchScreen.storyboard */ = {
			isa = PBXVariantGroup;
			children = (
				A026AAE725D445D600A95DCC /* Base */,
			);
			name = LaunchScreen.storyboard;
			sourceTree = "<group>";
		};
/* End PBXVariantGroup section */

/* Begin XCBuildConfiguration section */
		A026AB0025D445D700A95DCC /* Debug */ = {
			isa = XCBuildConfiguration;
			buildSettings = {
				ALWAYS_SEARCH_USER_PATHS = NO;
				CLANG_ANALYZER_NONNULL = YES;
				CLANG_ANALYZER_NUMBER_OBJECT_CONVERSION = YES_AGGRESSIVE;
				CLANG_CXX_LANGUAGE_STANDARD = "gnu++14";
				CLANG_CXX_LIBRARY = "libc++";
				CLANG_ENABLE_MODULES = YES;
				CLANG_ENABLE_OBJC_ARC = YES;
				CLANG_ENABLE_OBJC_WEAK = YES;
				CLANG_WARN_BLOCK_CAPTURE_AUTORELEASING = YES;
				CLANG_WARN_BOOL_CONVERSION = YES;
				CLANG_WARN_COMMA = YES;
				CLANG_WARN_CONSTANT_CONVERSION = YES;
				CLANG_WARN_DEPRECATED_OBJC_IMPLEMENTATIONS = YES;
				CLANG_WARN_DIRECT_OBJC_ISA_USAGE = YES_ERROR;
				CLANG_WARN_DOCUMENTATION_COMMENTS = YES;
				CLANG_WARN_EMPTY_BODY = YES;
				CLANG_WARN_ENUM_CONVERSION = YES;
				CLANG_WARN_INFINITE_RECURSION = YES;
				CLANG_WARN_INT_CONVERSION = YES;
				CLANG_WARN_NON_LITERAL_NULL_CONVERSION = YES;
				CLANG_WARN_OBJC_IMPLICIT_RETAIN_SELF = YES;
				CLANG_WARN_OBJC_LITERAL_CONVERSION = YES;
				CLANG_WARN_OBJC_ROOT_CLASS = YES_ERROR;
				CLANG_WARN_QUOTED_INCLUDE_IN_FRAMEWORK_HEADER = YES;
				CLANG_WARN_RANGE_LOOP_ANALYSIS = YES;
				CLANG_WARN_STRICT_PROTOTYPES = YES;
				CLANG_WARN_SUSPICIOUS_MOVE = YES;
				CLANG_WARN_UNGUARDED_AVAILABILITY = YES_AGGRESSIVE;
				CLANG_WARN_UNREACHABLE_CODE = YES;
				CLANG_WARN__DUPLICATE_METHOD_MATCH = YES;
				COPY_PHASE_STRIP = NO;
				DEBUG_INFORMATION_FORMAT = dwarf;
				ENABLE_STRICT_OBJC_MSGSEND = YES;
				ENABLE_TESTABILITY = YES;
				GCC_C_LANGUAGE_STANDARD = gnu11;
				GCC_DYNAMIC_NO_PIC = NO;
				GCC_NO_COMMON_BLOCKS = YES;
				GCC_OPTIMIZATION_LEVEL = 0;
				GCC_PREPROCESSOR_DEFINITIONS = (
					"DEBUG=1",
					"$(inherited)",
				);
				GCC_WARN_64_TO_32_BIT_CONVERSION = YES;
				GCC_WARN_ABOUT_RETURN_TYPE = YES_ERROR;
				GCC_WARN_UNDECLARED_SELECTOR = YES;
				GCC_WARN_UNINITIALIZED_AUTOS = YES_AGGRESSIVE;
				GCC_WARN_UNUSED_FUNCTION = YES;
				GCC_WARN_UNUSED_VARIABLE = YES;
				IPHONEOS_DEPLOYMENT_TARGET = 14.3;
				MTL_ENABLE_DEBUG_INFO = INCLUDE_SOURCE;
				MTL_FAST_MATH = YES;
				ONLY_ACTIVE_ARCH = YES;
				SDKROOT = iphoneos;
				SWIFT_ACTIVE_COMPILATION_CONDITIONS = DEBUG;
				SWIFT_OPTIMIZATION_LEVEL = "-Onone";
			};
			name = Debug;
		};
		A026AB0125D445D700A95DCC /* Release */ = {
			isa = XCBuildConfiguration;
			buildSettings = {
				ALWAYS_SEARCH_USER_PATHS = NO;
				CLANG_ANALYZER_NONNULL = YES;
				CLANG_ANALYZER_NUMBER_OBJECT_CONVERSION = YES_AGGRESSIVE;
				CLANG_CXX_LANGUAGE_STANDARD = "gnu++14";
				CLANG_CXX_LIBRARY = "libc++";
				CLANG_ENABLE_MODULES = YES;
				CLANG_ENABLE_OBJC_ARC = YES;
				CLANG_ENABLE_OBJC_WEAK = YES;
				CLANG_WARN_BLOCK_CAPTURE_AUTORELEASING = YES;
				CLANG_WARN_BOOL_CONVERSION = YES;
				CLANG_WARN_COMMA = YES;
				CLANG_WARN_CONSTANT_CONVERSION = YES;
				CLANG_WARN_DEPRECATED_OBJC_IMPLEMENTATIONS = YES;
				CLANG_WARN_DIRECT_OBJC_ISA_USAGE = YES_ERROR;
				CLANG_WARN_DOCUMENTATION_COMMENTS = YES;
				CLANG_WARN_EMPTY_BODY = YES;
				CLANG_WARN_ENUM_CONVERSION = YES;
				CLANG_WARN_INFINITE_RECURSION = YES;
				CLANG_WARN_INT_CONVERSION = YES;
				CLANG_WARN_NON_LITERAL_NULL_CONVERSION = YES;
				CLANG_WARN_OBJC_IMPLICIT_RETAIN_SELF = YES;
				CLANG_WARN_OBJC_LITERAL_CONVERSION = YES;
				CLANG_WARN_OBJC_ROOT_CLASS = YES_ERROR;
				CLANG_WARN_QUOTED_INCLUDE_IN_FRAMEWORK_HEADER = YES;
				CLANG_WARN_RANGE_LOOP_ANALYSIS = YES;
				CLANG_WARN_STRICT_PROTOTYPES = YES;
				CLANG_WARN_SUSPICIOUS_MOVE = YES;
				CLANG_WARN_UNGUARDED_AVAILABILITY = YES_AGGRESSIVE;
				CLANG_WARN_UNREACHABLE_CODE = YES;
				CLANG_WARN__DUPLICATE_METHOD_MATCH = YES;
				COPY_PHASE_STRIP = NO;
				DEBUG_INFORMATION_FORMAT = "dwarf-with-dsym";
				ENABLE_NS_ASSERTIONS = NO;
				ENABLE_STRICT_OBJC_MSGSEND = YES;
				GCC_C_LANGUAGE_STANDARD = gnu11;
				GCC_NO_COMMON_BLOCKS = YES;
				GCC_WARN_64_TO_32_BIT_CONVERSION = YES;
				GCC_WARN_ABOUT_RETURN_TYPE = YES_ERROR;
				GCC_WARN_UNDECLARED_SELECTOR = YES;
				GCC_WARN_UNINITIALIZED_AUTOS = YES_AGGRESSIVE;
				GCC_WARN_UNUSED_FUNCTION = YES;
				GCC_WARN_UNUSED_VARIABLE = YES;
				IPHONEOS_DEPLOYMENT_TARGET = 14.3;
				MTL_ENABLE_DEBUG_INFO = NO;
				MTL_FAST_MATH = YES;
				SDKROOT = iphoneos;
				SWIFT_COMPILATION_MODE = wholemodule;
				SWIFT_OPTIMIZATION_LEVEL = "-O";
				VALIDATE_PRODUCT = YES;
			};
			name = Release;
		};
		A026AB0325D445D700A95DCC /* Debug */ = {
			isa = XCBuildConfiguration;
			buildSettings = {
				ASSETCATALOG_COMPILER_APPICON_NAME = AppIcon;
				ASSETCATALOG_COMPILER_GLOBAL_ACCENT_COLOR_NAME = AccentColor;
				CODE_SIGN_STYLE = Automatic;
				INFOPLIST_FILE = WeatherApp/Info.plist;
				LD_RUNPATH_SEARCH_PATHS = (
					"$(inherited)",
					"@executable_path/Frameworks",
				);
				PRODUCT_BUNDLE_IDENTIFIER = Sahey.WeatherApp;
				PRODUCT_NAME = "$(TARGET_NAME)";
				SWIFT_VERSION = 5.0;
				TARGETED_DEVICE_FAMILY = "1,2";
			};
			name = Debug;
		};
		A026AB0425D445D700A95DCC /* Release */ = {
			isa = XCBuildConfiguration;
			buildSettings = {
				ASSETCATALOG_COMPILER_APPICON_NAME = AppIcon;
				ASSETCATALOG_COMPILER_GLOBAL_ACCENT_COLOR_NAME = AccentColor;
				CODE_SIGN_STYLE = Automatic;
				INFOPLIST_FILE = WeatherApp/Info.plist;
				LD_RUNPATH_SEARCH_PATHS = (
					"$(inherited)",
					"@executable_path/Frameworks",
				);
				PRODUCT_BUNDLE_IDENTIFIER = Sahey.WeatherApp;
				PRODUCT_NAME = "$(TARGET_NAME)";
				SWIFT_VERSION = 5.0;
				TARGETED_DEVICE_FAMILY = "1,2";
			};
			name = Release;
		};
		A026AB0625D445D700A95DCC /* Debug */ = {
			isa = XCBuildConfiguration;
			buildSettings = {
				ALWAYS_EMBED_SWIFT_STANDARD_LIBRARIES = YES;
				BUNDLE_LOADER = "$(TEST_HOST)";
				CODE_SIGN_STYLE = Automatic;
				INFOPLIST_FILE = WeatherAppTests/Info.plist;
				IPHONEOS_DEPLOYMENT_TARGET = 14.3;
				LD_RUNPATH_SEARCH_PATHS = (
					"$(inherited)",
					"@executable_path/Frameworks",
					"@loader_path/Frameworks",
				);
				PRODUCT_BUNDLE_IDENTIFIER = Sahey.WeatherAppTests;
				PRODUCT_NAME = "$(TARGET_NAME)";
				SWIFT_VERSION = 5.0;
				TARGETED_DEVICE_FAMILY = "1,2";
				TEST_HOST = "$(BUILT_PRODUCTS_DIR)/WeatherApp.app/WeatherApp";
			};
			name = Debug;
		};
		A026AB0725D445D700A95DCC /* Release */ = {
			isa = XCBuildConfiguration;
			buildSettings = {
				ALWAYS_EMBED_SWIFT_STANDARD_LIBRARIES = YES;
				BUNDLE_LOADER = "$(TEST_HOST)";
				CODE_SIGN_STYLE = Automatic;
				INFOPLIST_FILE = WeatherAppTests/Info.plist;
				IPHONEOS_DEPLOYMENT_TARGET = 14.3;
				LD_RUNPATH_SEARCH_PATHS = (
					"$(inherited)",
					"@executable_path/Frameworks",
					"@loader_path/Frameworks",
				);
				PRODUCT_BUNDLE_IDENTIFIER = Sahey.WeatherAppTests;
				PRODUCT_NAME = "$(TARGET_NAME)";
				SWIFT_VERSION = 5.0;
				TARGETED_DEVICE_FAMILY = "1,2";
				TEST_HOST = "$(BUILT_PRODUCTS_DIR)/WeatherApp.app/WeatherApp";
			};
			name = Release;
		};
/* End XCBuildConfiguration section */

/* Begin XCConfigurationList section */
		A026AAD325D445D500A95DCC /* Build configuration list for PBXProject "WeatherApp" */ = {
			isa = XCConfigurationList;
			buildConfigurations = (
				A026AB0025D445D700A95DCC /* Debug */,
				A026AB0125D445D700A95DCC /* Release */,
			);
			defaultConfigurationIsVisible = 0;
			defaultConfigurationName = Release;
		};
		A026AB0225D445D700A95DCC /* Build configuration list for PBXNativeTarget "WeatherApp" */ = {
			isa = XCConfigurationList;
			buildConfigurations = (
				A026AB0325D445D700A95DCC /* Debug */,
				A026AB0425D445D700A95DCC /* Release */,
			);
			defaultConfigurationIsVisible = 0;
			defaultConfigurationName = Release;
		};
		A026AB0525D445D700A95DCC /* Build configuration list for PBXNativeTarget "WeatherAppTests" */ = {
			isa = XCConfigurationList;
			buildConfigurations = (
				A026AB0625D445D700A95DCC /* Debug */,
				A026AB0725D445D700A95DCC /* Release */,
			);
			defaultConfigurationIsVisible = 0;
			defaultConfigurationName = Release;
		};
/* End XCConfigurationList section */
	};
	rootObject = A026AAD025D445D500A95DCC /* Project object */;
}
